
Microsoft Visual Studio Solution File, Format Version 12.00
# Visual Studio Version 16
VisualStudioVersion = 16.0.28801.207
MinimumVisualStudioVersion = 10.0.40219.1
Project("{9A19103F-16F7-4668-BE54-9A1E7A4F7556}") = "CSharpQuirks", "CSharpQuirks.csproj", "{13EDC447-C52C-40EF-A1BA-C7AB2E077046}"
EndProject
Global
	GlobalSection(SolutionConfigurationPlatforms) = preSolution
		Debug|Any CPU = Debug|Any CPU
		Release|Any CPU = Release|Any CPU
	EndGlobalSection
	GlobalSection(ProjectConfigurationPlatforms) = postSolution
		{13EDC447-C52C-40EF-A1BA-C7AB2E077046}.Debug|Any CPU.ActiveCfg = Debug|Any CPU
		{13EDC447-C52C-40EF-A1BA-C7AB2E077046}.Debug|Any CPU.Build.0 = Debug|Any CPU
		{13EDC447-C52C-40EF-A1BA-C7AB2E077046}.Release|Any CPU.ActiveCfg = Release|Any CPU
		{13EDC447-C52C-40EF-A1BA-C7AB2E077046}.Release|Any CPU.Build.0 = Release|Any CPU
	EndGlobalSection
	GlobalSection(SolutionProperties) = preSolution
		HideSolutionNode = FALSE
	EndGlobalSection
	GlobalSection(ExtensibilityGlobals) = postSolution
		SolutionGuid = {BABA7D31-5924-4C6E-A9C4-96A40AC3E923}
	EndGlobalSection
EndGlobal
